# THIS IS AN AUTOGENERATED FILE. DO NOT EDIT THIS FILE DIRECTLY.
# yarn lockfile v1


"@babel/runtime@^7.23.2":
  version "7.29.2"
  resolved "https://registry.npmjs.org/@babel/runtime/-/runtime-7.29.2.tgz"
  integrity sha512-JiDShH45zKHWyGe4ZNVRrCjBz8Nh9TMmZG1kh4QTK8hCBTWBi8Da+i7s1fJw7/lYpM4ccepSNfqzZ/QvABBi5g==

"@mongodb-js/saslprep@^1.3.0":
  version "1.4.6"
  dependencies:
    sparse-bitfield "^3.0.3"

"@types/webidl-conversions@*":
  version "7.0.3"

"@types/whatwg-url@^13.0.0":
  version "13.0.0"
  dependencies:
    "@types/webidl-conversions" "*"

async-function@^1.0.0:
  version "1.0.0"

async-generator-function@^1.0.0:
  version "1.0.0"

asynckit@^0.4.0:
  version "0.4.0"

axios@1.13.5:
  version "1.13.5"
  dependencies:
    follow-redirects "^1.15.11"
    form-data "^4.0.5"
    proxy-from-env "^1.1.0"

bson@^7.1.1:
  version "7.2.0"

call-bind-apply-helpers@^1.0.1, call-bind-apply-helpers@^1.0.2:
  version "1.0.2"
  dependencies:
    es-errors "^1.3.0"
    function-bind "^1.1.2"

combined-stream@^1.0.8:
  version "1.0.8"
  dependencies:
    delayed-stream "~1.0.0"

delayed-stream@~1.0.0:
  version "1.0.0"

dotenv@^17.4.2:
  version "17.4.2"
  resolved "https://registry.npmjs.org/dotenv/-/dotenv-17.4.2.tgz"
  integrity sha512-nI4U3TottKAcAD9LLud4Cb7b2QztQMUEfHbvhTH09bqXTxnSie8WnjPALV/WMCrJZ6UV/qHJ6L03OqO3LcdYZw==

dunder-proto@^1.0.1:
  version "1.0.1"
  dependencies:
    call-bind-apply-helpers "^1.0.1"
    es-errors "^1.3.0"
    gopd "^1.2.0"

es-define-property@^1.0.1:
  version "1.0.1"

es-errors@^1.3.0:
  version "1.3.0"

es-object-atoms@^1.0.0, es-object-atoms@^1.1.1:
  version "1.1.1"
  dependencies:
    es-errors "^1.3.0"

es-set-tostringtag@^2.1.0:
  version "2.1.0"
  dependencies:
    es-errors "^1.3.0"
    get-intrinsic "^1.2.6"
    has-tostringtag "^1.0.2"
    hasown "^2.0.2"

follow-redirects@^1.15.11:
  version "1.16.0"

form-data@^4.0.5:
  version "4.0.5"
  dependencies:
    asynckit "^0.4.0"
    combined-stream "^1.0.8"
    es-set-tostringtag "^2.1.0"
    hasown "^2.0.2"
    mime-types "^2.1.12"

function-bind@^1.1.2:
  version "1.1.2"

generator-function@^2.0.0:
  version "2.0.1"

get-intrinsic@^1.2.6:
  version "1.3.1"
  dependencies:
    async-function "^1.0.0"
    async-generator-function "^1.0.0"
    call-bind-apply-helpers "^1.0.2"
    es-define-property "^1.0.1"
    es-errors "^1.3.0"
    es-object-atoms "^1.1.1"
    function-bind "^1.1.2"
    generator-function "^2.0.0"
    get-proto "^1.0.1"
    gopd "^1.2.0"
    has-symbols "^1.1.0"
    hasown "^2.0.2"
    math-intrinsics "^1.1.0"

get-proto@^1.0.1:
  version "1.0.1"
  dependencies:
    dunder-proto "^1.0.1"
    es-object-atoms "^1.0.0"

gopd@^1.2.0:
  version "1.2.0"

has-symbols@^1.0.3, has-symbols@^1.1.0:
  version "1.1.0"

has-tostringtag@^1.0.2:
  version "1.0.2"
  dependencies:
    has-symbols "^1.0.3"

hasown@^2.0.2:
  version "2.0.2"
  dependencies:
    function-bind "^1.1.2"

loglevel@^1.9.2:
  version "1.9.2"

math-intrinsics@^1.1.0:
  version "1.1.0"

memory-pager@^1.0.2:
  version "1.5.0"

mime-db@1.52.0:
  version "1.52.0"

mime-types@^2.1.12:
  version "2.1.35"
  dependencies:
    mime-db "1.52.0"

mongodb-connection-string-url@^7.0.0:
  version "7.0.1"
  dependencies:
    "@types/whatwg-url" "^13.0.0"
    whatwg-url "^14.1.0"

mongodb@^7.0.0:
  version "7.1.1"
  dependencies:
    "@mongodb-js/saslprep" "^1.3.0"
    bson "^7.1.1"
    mongodb-connection-string-url "^7.0.0"

pg-cloudflare@^1.3.0:
  version "1.3.0"

pg-connection-string@^2.12.0:
  version "2.12.0"

pg-int8@1.0.1:
  version "1.0.1"

pg-pool@^3.13.0:
  version "3.13.0"

pg-protocol@^1.13.0:
  version "1.13.0"

pg-types@2.2.0:
  version "2.2.0"
  dependencies:
    pg-int8 "1.0.1"
    postgres-array "~2.0.0"
    postgres-bytea "~1.0.0"
    postgres-date "~1.0.4"
    postgres-interval "^1.1.0"

pg@^8.20.0, pg@>=8.0:
  version "8.20.0"
  dependencies:
    pg-connection-string "^2.12.0"
    pg-pool "^3.13.0"
    pg-protocol "^1.13.0"
    pg-types "2.2.0"
    pgpass "1.0.5"
  optionalDependencies:
    pg-cloudflare "^1.3.0"

pgpass@1.0.5:
  version "1.0.5"
  dependencies:
    split2 "^4.1.0"

postgres-array@~2.0.0:
  version "2.0.0"

postgres-bytea@~1.0.0:
  version "1.0.1"

postgres-date@~1.0.4:
  version "1.0.7"

postgres-interval@^1.1.0:
  version "1.2.0"
  dependencies:
    xtend "^4.0.0"

proxy-from-env@^1.1.0:
  version "1.1.0"

punycode@^2.3.1:
  version "2.3.1"

sparse-bitfield@^3.0.3:
  version "3.0.3"
  dependencies:
    memory-pager "^1.0.2"

split2@^4.1.0:
  version "4.2.0"

tr46@^5.1.0:
  version "5.1.1"
  dependencies:
    punycode "^2.3.1"

tslib@^2.8.1:
  version "2.8.1"

typesense@^3.0.5:
  version "3.0.5"
  dependencies:
    axios "1.13.5"
    loglevel "^1.9.2"
    tslib "^2.8.1"

webidl-conversions@^7.0.0:
  version "7.0.0"

whatwg-url@^14.1.0:
  version "14.2.0"
  dependencies:
    tr46 "^5.1.0"
    webidl-conversions "^7.0.0"

xtend@^4.0.0:
  version "4.0.2"
